// !$*UTF8*$!
{
	archiveVersion = 1;
	classes = {
	};
	objectVersion = 46;
	objects = {

/* Begin PBXBuildFile section */
		59538650625241BA455940D7 /* Pods.framework in Frameworks */ = {isa = PBXBuildFile; fileRef = 4AECF53B3624AF48FB2ADD6E /* Pods.framework */; settings = {ATTRIBUTES = (Weak, ); }; };
		EB1EF5481AC761DE00A2A2B8 /* AppDelegate.swift in Sources */ = {isa = PBXBuildFile; fileRef = EB1EF5471AC761DE00A2A2B8 /* AppDelegate.swift */; };
		EB1EF54A1AC761DE00A2A2B8 /* ViewController.swift in Sources */ = {isa = PBXBuildFile; fileRef = EB1EF5491AC761DE00A2A2B8 /* ViewController.swift */; };
		EB1EF54D1AC761DE00A2A2B8 /* Main.storyboard in Resources */ = {isa = PBXBuildFile; fileRef = EB1EF54B1AC761DE00A2A2B8 /* Main.storyboard */; };
		EB1EF54F1AC761DF00A2A2B8 /* Images.xcassets in Resources */ = {isa = PBXBuildFile; fileRef = EB1EF54E1AC761DF00A2A2B8 /* Images.xcassets */; };
		EB1EF5521AC761DF00A2A2B8 /* LaunchScreen.xib in Resources */ = {isa = PBXBuildFile; fileRef = EB1EF5501AC761DF00A2A2B8 /* LaunchScreen.xib */; };
		EB1EF55E1AC761DF00A2A2B8 /* BluejayTests.swift in Sources */ = {isa = PBXBuildFile; fileRef = EB1EF55D1AC761DF00A2A2B8 /* BluejayTests.swift */; };
		EBFEDE811AC7A1A000C1C09E /* ATTSpeechKit.a in Frameworks */ = {isa = PBXBuildFile; fileRef = EBFEDE801AC7A1A000C1C09E /* ATTSpeechKit.a */; };
		EBFEDE851AC7A3E800C1C09E /* BLJAuthentication.swift in Sources */ = {isa = PBXBuildFile; fileRef = EBFEDE841AC7A3E800C1C09E /* BLJAuthentication.swift */; };
/* End PBXBuildFile section */

/* Begin PBXContainerItemProxy section */
		EB1EF5581AC761DF00A2A2B8 /* PBXContainerItemProxy */ = {
			isa = PBXContainerItemProxy;
			containerPortal = EB1EF53A1AC761DE00A2A2B8 /* Project object */;
			proxyType = 1;
			remoteGlobalIDString = EB1EF5411AC761DE00A2A2B8;
			remoteInfo = Bluejay;
		};
/* End PBXContainerItemProxy section */

/* Begin PBXFileReference section */
		4AECF53B3624AF48FB2ADD6E /* Pods.framework */ = {isa = PBXFileReference; explicitFileType = wrapper.framework; includeInIndex = 0; path = Pods.framework; sourceTree = BUILT_PRODUCTS_DIR; };
		4E237BC87299D5E979103AAE /* Pods.release.xcconfig */ = {isa = PBXFileReference; includeInIndex = 1; lastKnownFileType = text.xcconfig; name = Pods.release.xcconfig; path = "Pods/Target Support Files/Pods/Pods.release.xcconfig"; sourceTree = "<group>"; };
		95F4D9B8D2237E264ED72085 /* Pods.debug.xcconfig */ = {isa = PBXFileReference; includeInIndex = 1; lastKnownFileType = text.xcconfig; name = Pods.debug.xcconfig; path = "Pods/Target Support Files/Pods/Pods.debug.xcconfig"; sourceTree = "<group>"; };
		EB1EF5421AC761DE00A2A2B8 /* Bluejay.app */ = {isa = PBXFileReference; explicitFileType = wrapper.application; includeInIndex = 0; path = Bluejay.app; sourceTree = BUILT_PRODUCTS_DIR; };
		EB1EF5461AC761DE00A2A2B8 /* Info.plist */ = {isa = PBXFileReference; lastKnownFileType = text.plist.xml; path = Info.plist; sourceTree = "<group>"; };
		EB1EF5471AC761DE00A2A2B8 /* AppDelegate.swift */ = {isa = PBXFileReference; lastKnownFileType = sourcecode.swift; path = AppDelegate.swift; sourceTree = "<group>"; };
		EB1EF5491AC761DE00A2A2B8 /* ViewController.swift */ = {isa = PBXFileReference; lastKnownFileType = sourcecode.swift; path = ViewController.swift; sourceTree = "<group>"; };
		EB1EF54C1AC761DE00A2A2B8 /* Base */ = {isa = PBXFileReference; lastKnownFileType = file.storyboard; name = Base; path = Base.lproj/Main.storyboard; sourceTree = "<group>"; };
		EB1EF54E1AC761DF00A2A2B8 /* Images.xcassets */ = {isa = PBXFileReference; lastKnownFileType = folder.assetcatalog; path = Images.xcassets; sourceTree = "<group>"; };
		EB1EF5511AC761DF00A2A2B8 /* Base */ = {isa = PBXFileReference; lastKnownFileType = file.xib; name = Base; path = Base.lproj/LaunchScreen.xib; sourceTree = "<group>"; };
		EB1EF5571AC761DF00A2A2B8 /* BluejayTests.xctest */ = {isa = PBXFileReference; explicitFileType = wrapper.cfbundle; includeInIndex = 0; path = BluejayTests.xctest; sourceTree = BUILT_PRODUCTS_DIR; };
		EB1EF55C1AC761DF00A2A2B8 /* Info.plist */ = {isa = PBXFileReference; lastKnownFileType = text.plist.xml; path = Info.plist; sourceTree = "<group>"; };
		EB1EF55D1AC761DF00A2A2B8 /* BluejayTests.swift */ = {isa = PBXFileReference; lastKnownFileType = sourcecode.swift; path = BluejayTests.swift; sourceTree = "<group>"; };
		EBFEDE801AC7A1A000C1C09E /* ATTSpeechKit.a */ = {isa = PBXFileReference; lastKnownFileType = archive.ar; path = ATTSpeechKit.a; sourceTree = "<group>"; };
		EBFEDE821AC7A1A600C1C09E /* ATTSpeechKit.h */ = {isa = PBXFileReference; lastKnownFileType = sourcecode.c.h; path = ATTSpeechKit.h; sourceTree = "<group>"; };
		EBFEDE831AC7A1B300C1C09E /* ObjectiveBridge.h */ = {isa = PBXFileReference; lastKnownFileType = sourcecode.c.h; path = ObjectiveBridge.h; sourceTree = "<group>"; };
		EBFEDE841AC7A3E800C1C09E /* BLJAuthentication.swift */ = {isa = PBXFileReference; fileEncoding = 4; lastKnownFileType = sourcecode.swift; path = BLJAuthentication.swift; sourceTree = "<group>"; };
/* End PBXFileReference section */

/* Begin PBXFrameworksBuildPhase section */
		EB1EF53F1AC761DE00A2A2B8 /* Frameworks */ = {
			isa = PBXFrameworksBuildPhase;
			buildActionMask = 2147483647;
			files = (
				EBFEDE811AC7A1A000C1C09E /* ATTSpeechKit.a in Frameworks */,
				59538650625241BA455940D7 /* Pods.framework in Frameworks */,
			);
			runOnlyForDeploymentPostprocessing = 0;
		};
		EB1EF5541AC761DF00A2A2B8 /* Frameworks */ = {
			isa = PBXFrameworksBuildPhase;
			buildActionMask = 2147483647;
			files = (
			);
			runOnlyForDeploymentPostprocessing = 0;
		};
/* End PBXFrameworksBuildPhase section */

/* Begin PBXGroup section */
		6C19A164341AA29783C4048A /* Frameworks */ = {
			isa = PBXGroup;
			children = (
				4AECF53B3624AF48FB2ADD6E /* Pods.framework */,
			);
			name = Frameworks;
			sourceTree = "<group>";
		};
		ADBD5DAB75A855E9AA5E9876 /* Pods */ = {
			isa = PBXGroup;
			children = (
				95F4D9B8D2237E264ED72085 /* Pods.debug.xcconfig */,
				4E237BC87299D5E979103AAE /* Pods.release.xcconfig */,
			);
			name = Pods;
			sourceTree = "<group>";
		};
		EB1EF5391AC761DE00A2A2B8 = {
			isa = PBXGroup;
			children = (
				EB1EF5441AC761DE00A2A2B8 /* Bluejay */,
				EB1EF55A1AC761DF00A2A2B8 /* BluejayTests */,
				EB1EF5431AC761DE00A2A2B8 /* Products */,
				ADBD5DAB75A855E9AA5E9876 /* Pods */,
				6C19A164341AA29783C4048A /* Frameworks */,
			);
			sourceTree = "<group>";
		};
		EB1EF5431AC761DE00A2A2B8 /* Products */ = {
			isa = PBXGroup;
			children = (
				EB1EF5421AC761DE00A2A2B8 /* Bluejay.app */,
				EB1EF5571AC761DF00A2A2B8 /* BluejayTests.xctest */,
			);
			name = Products;
			sourceTree = "<group>";
		};
		EB1EF5441AC761DE00A2A2B8 /* Bluejay */ = {
			isa = PBXGroup;
			children = (
				EB1EF5471AC761DE00A2A2B8 /* AppDelegate.swift */,
				EB1EF5491AC761DE00A2A2B8 /* ViewController.swift */,
				EB1EF54B1AC761DE00A2A2B8 /* Main.storyboard */,
				EB1EF54E1AC761DF00A2A2B8 /* Images.xcassets */,
				EB1EF5501AC761DF00A2A2B8 /* LaunchScreen.xib */,
				EBFEDE7F1AC7A19700C1C09E /* Resources */,
				EB1EF5451AC761DE00A2A2B8 /* Supporting Files */,
			);
			path = Bluejay;
			sourceTree = "<group>";
		};
		EB1EF5451AC761DE00A2A2B8 /* Supporting Files */ = {
			isa = PBXGroup;
			children = (
				EB1EF5461AC761DE00A2A2B8 /* Info.plist */,
			);
			name = "Supporting Files";
			sourceTree = "<group>";
		};
		EB1EF55A1AC761DF00A2A2B8 /* BluejayTests */ = {
			isa = PBXGroup;
			children = (
				EB1EF55D1AC761DF00A2A2B8 /* BluejayTests.swift */,
				EB1EF55B1AC761DF00A2A2B8 /* Supporting Files */,
			);
			path = BluejayTests;
			sourceTree = "<group>";
		};
		EB1EF55B1AC761DF00A2A2B8 /* Supporting Files */ = {
			isa = PBXGroup;
			children = (
				EB1EF55C1AC761DF00A2A2B8 /* Info.plist */,
			);
			name = "Supporting Files";
			sourceTree = "<group>";
		};
		EBFEDE7F1AC7A19700C1C09E /* Resources */ = {
			isa = PBXGroup;
			children = (
				EBFEDE801AC7A1A000C1C09E /* ATTSpeechKit.a */,
				EBFEDE821AC7A1A600C1C09E /* ATTSpeechKit.h */,
				EBFEDE831AC7A1B300C1C09E /* ObjectiveBridge.h */,
				EBFEDE841AC7A3E800C1C09E /* BLJAuthentication.swift */,
			);
			name = Resources;
			sourceTree = "<group>";
		};
/* End PBXGroup section */

/* Begin PBXNativeTarget section */
		EB1EF5411AC761DE00A2A2B8 /* Bluejay */ = {
			isa = PBXNativeTarget;
			buildConfigurationList = EB1EF5611AC761DF00A2A2B8 /* Build configuration list for PBXNativeTarget "Bluejay" */;
			buildPhases = (
				592C798F8E7A47268CCB3356 /* Check Pods Manifest.lock */,
				EB1EF53E1AC761DE00A2A2B8 /* Sources */,
				EB1EF53F1AC761DE00A2A2B8 /* Frameworks */,
				EB1EF5401AC761DE00A2A2B8 /* Resources */,
				957D641FA460D5107238A411 /* Embed Pods Frameworks */,
				CD3FD6B55C1DB1DC7522E675 /* Copy Pods Resources */,
			);
			buildRules = (
			);
			dependencies = (
			);
			name = Bluejay;
			productName = Bluejay;
			productReference = EB1EF5421AC761DE00A2A2B8 /* Bluejay.app */;
			productType = "com.apple.product-type.application";
		};
		EB1EF5561AC761DF00A2A2B8 /* BluejayTests */ = {
			isa = PBXNativeTarget;
			buildConfigurationList = EB1EF5641AC761DF00A2A2B8 /* Build configuration list for PBXNativeTarget "BluejayTests" */;
			buildPhases = (
				EB1EF5531AC761DF00A2A2B8 /* Sources */,
				EB1EF5541AC761DF00A2A2B8 /* Frameworks */,
				EB1EF5551AC761DF00A2A2B8 /* Resources */,
			);
			buildRules = (
			);
			dependencies = (
				EB1EF5591AC761DF00A2A2B8 /* PBXTargetDependency */,
			);
			name = BluejayTests;
			productName = BluejayTests;
			productReference = EB1EF5571AC761DF00A2A2B8 /* BluejayTests.xctest */;
			productType = "com.apple.product-type.bundle.unit-test";
		};
/* End PBXNativeTarget section */

/* Begin PBXProject section */
		EB1EF53A1AC761DE00A2A2B8 /* Project object */ = {
			isa = PBXProject;
			attributes = {
				LastUpgradeCheck = 0620;
				ORGANIZATIONNAME = "Jack Cook";
				TargetAttributes = {
					EB1EF5411AC761DE00A2A2B8 = {
						CreatedOnToolsVersion = 6.2;
						DevelopmentTeam = JDJKS788L2;
					};
					EB1EF5561AC761DF00A2A2B8 = {
						CreatedOnToolsVersion = 6.2;
						TestTargetID = EB1EF5411AC761DE00A2A2B8;
					};
				};
			};
			buildConfigurationList = EB1EF53D1AC761DE00A2A2B8 /* Build configuration list for PBXProject "Bluejay" */;
			compatibilityVersion = "Xcode 3.2";
			developmentRegion = English;
			hasScannedForEncodings = 0;
			knownRegions = (
				en,
				Base,
			);
			mainGroup = EB1EF5391AC761DE00A2A2B8;
			productRefGroup = EB1EF5431AC761DE00A2A2B8 /* Products */;
			projectDirPath = "";
			projectRoot = "";
			targets = (
				EB1EF5411AC761DE00A2A2B8 /* Bluejay */,
				EB1EF5561AC761DF00A2A2B8 /* BluejayTests */,
			);
		};
/* End PBXProject section */

/* Begin PBXResourcesBuildPhase section */
		EB1EF5401AC761DE00A2A2B8 /* Resources */ = {
			isa = PBXResourcesBuildPhase;
			buildActionMask = 2147483647;
			files = (
				EB1EF54D1AC761DE00A2A2B8 /* Main.storyboard in Resources */,
				EB1EF5521AC761DF00A2A2B8 /* LaunchScreen.xib in Resources */,
				EB1EF54F1AC761DF00A2A2B8 /* Images.xcassets in Resources */,
			);
			runOnlyForDeploymentPostprocessing = 0;
		};
		EB1EF5551AC761DF00A2A2B8 /* Resources */ = {
			isa = PBXResourcesBuildPhase;
			buildActionMask = 2147483647;
			files = (
			);
			runOnlyForDeploymentPostprocessing = 0;
		};
/* End PBXResourcesBuildPhase section */

/* Begin PBXShellScriptBuildPhase section */
		592C798F8E7A47268CCB3356 /* Check Pods Manifest.lock */ = {
			isa = PBXShellScriptBuildPhase;
			buildActionMask = 2147483647;
			files = (
			);
			inputPaths = (
			);
			name = "Check Pods Manifest.lock";
			outputPaths = (
			);
			runOnlyForDeploymentPostprocessing = 0;
			shellPath = /bin/sh;
			shellScript = "diff \"${PODS_ROOT}/../Podfile.lock\" \"${PODS_ROOT}/Manifest.lock\" > /dev/null\nif [[ $? != 0 ]] ; then\n    cat << EOM\nerror: The sandbox is not in sync with the Podfile.lock. Run 'pod install' or update your CocoaPods installation.\nEOM\n    exit 1\nfi\n";
			showEnvVarsInLog = 0;
		};
		957D641FA460D5107238A411 /* Embed Pods Frameworks */ = {
			isa = PBXShellScriptBuildPhase;
			buildActionMask = 2147483647;
			files = (
			);
			inputPaths = (
			);
			name = "Embed Pods Frameworks";
			outputPaths = (
			);
			runOnlyForDeploymentPostprocessing = 0;
			shellPath = /bin/sh;
			shellScript = "\"${SRCROOT}/Pods/Target Support Files/Pods/Pods-frameworks.sh\"\n";
			showEnvVarsInLog = 0;
		};
		CD3FD6B55C1DB1DC7522E675 /* Copy Pods Resources */ = {
			isa = PBXShellScriptBuildPhase;
			buildActionMask = 2147483647;
			files = (
			);
			inputPaths = (
			);
			name = "Copy Pods Resources";
			outputPaths = (
			);
			runOnlyForDeploymentPostprocessing = 0;
			shellPath = /bin/sh;
			shellScript = "\"${SRCROOT}/Pods/Target Support Files/Pods/Pods-resources.sh\"\n";
			showEnvVarsInLog = 0;
		};
/* End PBXShellScriptBuildPhase section */

/* Begin PBXSourcesBuildPhase section */
		EB1EF53E1AC761DE00A2A2B8 /* Sources */ = {
			isa = PBXSourcesBuildPhase;
			buildActionMask = 2147483647;
			files = (
				EB1EF54A1AC761DE00A2A2B8 /* ViewController.swift in Sources */,
				EBFEDE851AC7A3E800C1C09E /* BLJAuthentication.swift in Sources */,
				EB1EF5481AC761DE00A2A2B8 /* AppDelegate.swift in Sources */,
			);
			runOnlyForDeploymentPostprocessing = 0;
		};
		EB1EF5531AC761DF00A2A2B8 /* Sources */ = {
			isa = PBXSourcesBuildPhase;
			buildActionMask = 2147483647;
			files = (
				EB1EF55E1AC761DF00A2A2B8 /* BluejayTests.swift in Sources */,
			);
			runOnlyForDeploymentPostprocessing = 0;
		};
/* End PBXSourcesBuildPhase section */

/* Begin PBXTargetDependency section */
		EB1EF5591AC761DF00A2A2B8 /* PBXTargetDependency */ = {
			isa = PBXTargetDependency;
			target = EB1EF5411AC761DE00A2A2B8 /* Bluejay */;
			targetProxy = EB1EF5581AC761DF00A2A2B8 /* PBXContainerItemProxy */;
		};
/* End PBXTargetDependency section */

/* Begin PBXVariantGroup section */
		EB1EF54B1AC761DE00A2A2B8 /* Main.storyboard */ = {
			isa = PBXVariantGroup;
			children = (
				EB1EF54C1AC761DE00A2A2B8 /* Base */,
			);
			name = Main.storyboard;
			sourceTree = "<group>";
		};
		EB1EF5501AC761DF00A2A2B8 /* LaunchScreen.xib */ = {
			isa = PBXVariantGroup;
			children = (
				EB1EF5511AC761DF00A2A2B8 /* Base */,
			);
			name = LaunchScreen.xib;
			sourceTree = "<group>";
		};
/* End PBXVariantGroup section */

/* Begin XCBuildConfiguration section */
		EB1EF55F1AC761DF00A2A2B8 /* Debug */ = {
			isa = XCBuildConfiguration;
			buildSettings = {
				ALWAYS_SEARCH_USER_PATHS = NO;
				CLANG_CXX_LANGUAGE_STANDARD = "gnu++0x";
				CLANG_CXX_LIBRARY = "libc++";
				CLANG_ENABLE_MODULES = YES;
				CLANG_ENABLE_OBJC_ARC = YES;
				CLANG_WARN_BOOL_CONVERSION = YES;
				CLANG_WARN_CONSTANT_CONVERSION = YES;
				CLANG_WARN_DIRECT_OBJC_ISA_USAGE = YES_ERROR;
				CLANG_WARN_EMPTY_BODY = YES;
				CLANG_WARN_ENUM_CONVERSION = YES;
				CLANG_WARN_INT_CONVERSION = YES;
				CLANG_WARN_OBJC_ROOT_CLASS = YES_ERROR;
				CLANG_WARN_UNREACHABLE_CODE = YES;
				CLANG_WARN__DUPLICATE_METHOD_MATCH = YES;
				"CODE_SIGN_IDENTITY[sdk=iphoneos*]" = "iPhone Developer";
				COPY_PHASE_STRIP = NO;
				ENABLE_STRICT_OBJC_MSGSEND = YES;
				GCC_C_LANGUAGE_STANDARD = gnu99;
				GCC_DYNAMIC_NO_PIC = NO;
				GCC_OPTIMIZATION_LEVEL = 0;
				GCC_PREPROCESSOR_DEFINITIONS = (
					"DEBUG=1",
					"$(inherited)",
				);
				GCC_SYMBOLS_PRIVATE_EXTERN = NO;
				GCC_WARN_64_TO_32_BIT_CONVERSION = YES;
				GCC_WARN_ABOUT_RETURN_TYPE = YES_ERROR;
				GCC_WARN_UNDECLARED_SELECTOR = YES;
				GCC_WARN_UNINITIALIZED_AUTOS = YES_AGGRESSIVE;
				GCC_WARN_UNUSED_FUNCTION = YES;
				GCC_WARN_UNUSED_VARIABLE = YES;
				IPHONEOS_DEPLOYMENT_TARGET = 8.2;
				MTL_ENABLE_DEBUG_INFO = YES;
				ONLY_ACTIVE_ARCH = YES;
				SDKROOT = iphoneos;
				SWIFT_OPTIMIZATION_LEVEL = "-Onone";
			};
			name = Debug;
		};
		EB1EF5601AC761DF00A2A2B8 /* Release */ = {
			isa = XCBuildConfiguration;
			buildSettings = {
				ALWAYS_SEARCH_USER_PATHS = NO;
				CLANG_CXX_LANGUAGE_STANDARD = "gnu++0x";
				CLANG_CXX_LIBRARY = "libc++";
				CLANG_ENABLE_MODULES = YES;
				CLANG_ENABLE_OBJC_ARC = YES;
				CLANG_WARN_BOOL_CONVERSION = YES;
				CLANG_WARN_CONSTANT_CONVERSION = YES;
				CLANG_WARN_DIRECT_OBJC_ISA_USAGE = YES_ERROR;
				CLANG_WARN_EMPTY_BODY = YES;
				CLANG_WARN_ENUM_CONVERSION = YES;
				CLANG_WARN_INT_CONVERSION = YES;
				CLANG_WARN_OBJC_ROOT_CLASS = YES_ERROR;
				CLANG_WARN_UNREACHABLE_CODE = YES;
				CLANG_WARN__DUPLICATE_METHOD_MATCH = YES;
				"CODE_SIGN_IDENTITY[sdk=iphoneos*]" = "iPhone Developer";
				COPY_PHASE_STRIP = NO;
				ENABLE_NS_ASSERTIONS = NO;
				ENABLE_STRICT_OBJC_MSGSEND = YES;
				GCC_C_LANGUAGE_STANDARD = gnu99;
				GCC_WARN_64_TO_32_BIT_CONVERSION = YES;
				GCC_WARN_ABOUT_RETURN_TYPE = YES_ERROR;
				GCC_WARN_UNDECLARED_SELECTOR = YES;
				GCC_WARN_UNINITIALIZED_AUTOS = YES_AGGRESSIVE;
				GCC_WARN_UNUSED_FUNCTION = YES;
				GCC_WARN_UNUSED_VARIABLE = YES;
				IPHONEOS_DEPLOYMENT_TARGET = 8.2;
				MTL_ENABLE_DEBUG_INFO = NO;
				SDKROOT = iphoneos;
				VALIDATE_PRODUCT = YES;
			};
			name = Release;
		};
		EB1EF5621AC761DF00A2A2B8 /* Debug */ = {
			isa = XCBuildConfiguration;
			baseConfigurationReference = 95F4D9B8D2237E264ED72085 /* Pods.debug.xcconfig */;
			buildSettings = {
				ASSETCATALOG_COMPILER_APPICON_NAME = AppIcon;
				CODE_SIGN_IDENTITY = "iPhone Developer";
				FRAMEWORK_SEARCH_PATHS = (
					"$(inherited)",
					"$(PROJECT_DIR)/Bluejay",
					"$(PROJECT_DIR)",
				);
				INFOPLIST_FILE = Bluejay/Info.plist;
				LD_RUNPATH_SEARCH_PATHS = "$(inherited) @executable_path/Frameworks";
				LIBRARY_SEARCH_PATHS = (
					"$(inherited)",
					"$(PROJECT_DIR)/Bluejay",
				);
				PRODUCT_NAME = "$(TARGET_NAME)";
				SWIFT_OBJC_BRIDGING_HEADER = Bluejay/ObjectiveBridge.h;
			};
			name = Debug;
		};
		EB1EF5631AC761DF00A2A2B8 /* Release */ = {
			isa = XCBuildConfiguration;
			baseConfigurationReference = 4E237BC87299D5E979103AAE /* Pods.release.xcconfig */;
			buildSettings = {
				ASSETCATALOG_COMPILER_APPICON_NAME = AppIcon;
				CODE_SIGN_IDENTITY = "iPhone Developer";
				FRAMEWORK_SEARCH_PATHS = (
					"$(inherited)",
					"$(PROJECT_DIR)/Bluejay",
					"$(PROJECT_DIR)",
				);
				INFOPLIST_FILE = Bluejay/Info.plist;
				LD_RUNPATH_SEARCH_PATHS = "$(inherited) @executable_path/Frameworks";
				LIBRARY_SEARCH_PATHS = (
					"$(inherited)",
					"$(PROJECT_DIR)/Bluejay",
				);
				PRODUCT_NAME = "$(TARGET_NAME)";
				SWIFT_OBJC_BRIDGING_HEADER = Bluejay/ObjectiveBridge.h;
			};
			name = Release;
		};
		EB1EF5651AC761DF00A2A2B8 /* Debug */ = {
			isa = XCBuildConfiguration;
			buildSettings = {
				BUNDLE_LOADER = "$(TEST_HOST)";
				FRAMEWORK_SEARCH_PATHS = (
					"$(SDKROOT)/Developer/Library/Frameworks",
					"$(inherited)",
				);
				GCC_PREPROCESSOR_DEFINITIONS = (
					"DEBUG=1",
					"$(inherited)",
				);
				INFOPLIST_FILE = BluejayTests/Info.plist;
				LD_RUNPATH_SEARCH_PATHS = "$(inherited) @executable_path/Frameworks @loader_path/Frameworks";
				PRODUCT_NAME = "$(TARGET_NAME)";
				TEST_HOST = "$(BUILT_PRODUCTS_DIR)/Bluejay.app/Bluejay";
			};
			name = Debug;
		};
		EB1EF5661AC761DF00A2A2B8 /* Release */ = {
			isa = XCBuildConfiguration;
			buildSettings = {
				BUNDLE_LOADER = "$(TEST_HOST)";
				FRAMEWORK_SEARCH_PATHS = (
					"$(SDKROOT)/Developer/Library/Frameworks",
					"$(inherited)",
				);
				INFOPLIST_FILE = BluejayTests/Info.plist;
				LD_RUNPATH_SEARCH_PATHS = "$(inherited) @executable_path/Frameworks @loader_path/Frameworks";
				PRODUCT_NAME = "$(TARGET_NAME)";
				TEST_HOST = "$(BUILT_PRODUCTS_DIR)/Bluejay.app/Bluejay";
			};
			name = Release;
		};
/* End XCBuildConfiguration section */

/* Begin XCConfigurationList section */
		EB1EF53D1AC761DE00A2A2B8 /* Build configuration list for PBXProject "Bluejay" */ = {
			isa = XCConfigurationList;
			buildConfigurations = (
				EB1EF55F1AC761DF00A2A2B8 /* Debug */,
				EB1EF5601AC761DF00A2A2B8 /* Release */,
			);
			defaultConfigurationIsVisible = 0;
			defaultConfigurationName = Release;
		};
		EB1EF5611AC761DF00A2A2B8 /* Build configuration list for PBXNativeTarget "Bluejay" */ = {
			isa = XCConfigurationList;
			buildConfigurations = (
				EB1EF5621AC761DF00A2A2B8 /* Debug */,
				EB1EF5631AC761DF00A2A2B8 /* Release */,
			);
			defaultConfigurationIsVisible = 0;
			defaultConfigurationName = Release;
		};
		EB1EF5641AC761DF00A2A2B8 /* Build configuration list for PBXNativeTarget "BluejayTests" */ = {
			isa = XCConfigurationList;
			buildConfigurations = (
				EB1EF5651AC761DF00A2A2B8 /* Debug */,
				EB1EF5661AC761DF00A2A2B8 /* Release */,
			);
			defaultConfigurationIsVisible = 0;
			defaultConfigurationName = Release;
		};
/* End XCConfigurationList section */
	};
	rootObject = EB1EF53A1AC761DE00A2A2B8 /* Project object */;
}
